// !$*UTF8*$!
{
	archiveVersion = 1;
	classes = {
	};
	objectVersion = 46;
	objects = {

/* Begin PBXBuildFile section */
		938B60C118050E010036CDAC /* Meeting.m in Sources */ = {isa = PBXBuildFile; fileRef = 938B60BE18050E010036CDAC /* Meeting.m */; };
		938B60C218050E010036CDAC /* Person.m in Sources */ = {isa = PBXBuildFile; fileRef = 938B60C018050E010036CDAC /* Person.m */; };
		939DADC91825A9860001CA1B /* AppDelegate.m in Sources */ = {isa = PBXBuildFile; fileRef = 939DADC81825A9860001CA1B /* AppDelegate.m */; };
		93A687F91804F24400232901 /* Cocoa.framework in Frameworks */ = {isa = PBXBuildFile; fileRef = 93A687F81804F24400232901 /* Cocoa.framework */; };
		93A688031804F24400232901 /* InfoPlist.strings in Resources */ = {isa = PBXBuildFile; fileRef = 93A688011804F24400232901 /* InfoPlist.strings */; };
		93A688051804F24400232901 /* main.m in Sources */ = {isa = PBXBuildFile; fileRef = 93A688041804F24400232901 /* main.m */; };
		93A688091804F24400232901 /* Credits.rtf in Resources */ = {isa = PBXBuildFile; fileRef = 93A688071804F24400232901 /* Credits.rtf */; };
		93A6880C1804F24400232901 /* MeetingDocument.m in Sources */ = {isa = PBXBuildFile; fileRef = 93A6880B1804F24400232901 /* MeetingDocument.m */; };
		93A6880F1804F24400232901 /* MeetingDocument.xib in Resources */ = {isa = PBXBuildFile; fileRef = 93A6880D1804F24400232901 /* MeetingDocument.xib */; };
		93A688121804F24400232901 /* MainMenu.xib in Resources */ = {isa = PBXBuildFile; fileRef = 93A688101804F24400232901 /* MainMenu.xib */; };
		93A688141804F24400232901 /* Images.xcassets in Resources */ = {isa = PBXBuildFile; fileRef = 93A688131804F24400232901 /* Images.xcassets */; };
		93A6881B1804F24400232901 /* XCTest.framework in Frameworks */ = {isa = PBXBuildFile; fileRef = 93A6881A1804F24400232901 /* XCTest.framework */; };
		93A6881C1804F24400232901 /* Cocoa.framework in Frameworks */ = {isa = PBXBuildFile; fileRef = 93A687F81804F24400232901 /* Cocoa.framework */; };
		93A688241804F24400232901 /* InfoPlist.strings in Resources */ = {isa = PBXBuildFile; fileRef = 93A688221804F24400232901 /* InfoPlist.strings */; };
		93A688261804F24400232901 /* Meeting_TrackerTests.m in Sources */ = {isa = PBXBuildFile; fileRef = 93A688251804F24400232901 /* Meeting_TrackerTests.m */; };
		93E01D8B18064B1100459E35 /* testMeeting.m in Sources */ = {isa = PBXBuildFile; fileRef = 93E01D8918064B1100459E35 /* testMeeting.m */; };
		93E01D8C18064B1100459E35 /* testPerson.m in Sources */ = {isa = PBXBuildFile; fileRef = 93E01D8A18064B1100459E35 /* testPerson.m */; };
/* End PBXBuildFile section */

/* Begin PBXContainerItemProxy section */
		93A6881D1804F24400232901 /* PBXContainerItemProxy */ = {
			isa = PBXContainerItemProxy;
			containerPortal = 93A687ED1804F24400232901 /* Project object */;
			proxyType = 1;
			remoteGlobalIDString = 93A687F41804F24400232901;
			remoteInfo = "Meeting Tracker";
		};
/* End PBXContainerItemProxy section */

/* Begin PBXFileReference section */
		938B60BD18050E010036CDAC /* Meeting.h */ = {isa = PBXFileReference; fileEncoding = 4; lastKnownFileType = sourcecode.c.h; path = Meeting.h; sourceTree = "<group>"; };
		938B60BE18050E010036CDAC /* Meeting.m */ = {isa = PBXFileReference; fileEncoding = 4; lastKnownFileType = sourcecode.c.objc; path = Meeting.m; sourceTree = "<group>"; };
		938B60BF18050E010036CDAC /* Person.h */ = {isa = PBXFileReference; fileEncoding = 4; lastKnownFileType = sourcecode.c.h; path = Person.h; sourceTree = "<group>"; };
		938B60C018050E010036CDAC /* Person.m */ = {isa = PBXFileReference; fileEncoding = 4; lastKnownFileType = sourcecode.c.objc; path = Person.m; sourceTree = "<group>"; };
		939DADC71825A9860001CA1B /* AppDelegate.h */ = {isa = PBXFileReference; fileEncoding = 4; lastKnownFileType = sourcecode.c.h; path = AppDelegate.h; sourceTree = "<group>"; };
		939DADC81825A9860001CA1B /* AppDelegate.m */ = {isa = PBXFileReference; fileEncoding = 4; lastKnownFileType = sourcecode.c.objc; path = AppDelegate.m; sourceTree = "<group>"; };
		93A687F51804F24400232901 /* Meeting Tracker.app */ = {isa = PBXFileReference; explicitFileType = wrapper.application; includeInIndex = 0; path = "Meeting Tracker.app"; sourceTree = BUILT_PRODUCTS_DIR; };
		93A687F81804F24400232901 /* Cocoa.framework */ = {isa = PBXFileReference; lastKnownFileType = wrapper.framework; name = Cocoa.framework; path = System/Library/Frameworks/Cocoa.framework; sourceTree = SDKROOT; };
		93A687FB1804F24400232901 /* AppKit.framework */ = {isa = PBXFileReference; lastKnownFileType = wrapper.framework; name = AppKit.framework; path = System/Library/Frameworks/AppKit.framework; sourceTree = SDKROOT; };
		93A687FC1804F24400232901 /* CoreData.framework */ = {isa = PBXFileReference; lastKnownFileType = wrapper.framework; name = CoreData.framework; path = System/Library/Frameworks/CoreData.framework; sourceTree = SDKROOT; };
		93A687FD1804F24400232901 /* Foundation.framework */ = {isa = PBXFileReference; lastKnownFileType = wrapper.framework; name = Foundation.framework; path = System/Library/Frameworks/Foundation.framework; sourceTree = SDKROOT; };
		93A688001804F24400232901 /* Meeting Tracker-Info.plist */ = {isa = PBXFileReference; lastKnownFileType = text.plist.xml; path = "Meeting Tracker-Info.plist"; sourceTree = "<group>"; };
		93A688021804F24400232901 /* en */ = {isa = PBXFileReference; lastKnownFileType = text.plist.strings; name = en; path = en.lproj/InfoPlist.strings; sourceTree = "<group>"; };
		93A688041804F24400232901 /* main.m */ = {isa = PBXFileReference; lastKnownFileType = sourcecode.c.objc; path = main.m; sourceTree = "<group>"; };
		93A688061804F24400232901 /* Meeting Tracker-Prefix.pch */ = {isa = PBXFileReference; lastKnownFileType = sourcecode.c.h; path = "Meeting Tracker-Prefix.pch"; sourceTree = "<group>"; };
		93A688081804F24400232901 /* en */ = {isa = PBXFileReference; lastKnownFileType = text.rtf; name = en; path = en.lproj/Credits.rtf; sourceTree = "<group>"; };
		93A6880A1804F24400232901 /* MeetingDocument.h */ = {isa = PBXFileReference; lastKnownFileType = sourcecode.c.h; path = MeetingDocument.h; sourceTree = "<group>"; };
		93A6880B1804F24400232901 /* MeetingDocument.m */ = {isa = PBXFileReference; lastKnownFileType = sourcecode.c.objc; path = MeetingDocument.m; sourceTree = "<group>"; };
		93A6880E1804F24400232901 /* Base */ = {isa = PBXFileReference; lastKnownFileType = file.xib; name = Base; path = Base.lproj/MeetingDocument.xib; sourceTree = "<group>"; };
		93A688111804F24400232901 /* Base */ = {isa = PBXFileReference; lastKnownFileType = file.xib; name = Base; path = Base.lproj/MainMenu.xib; sourceTree = "<group>"; };
		93A688131804F24400232901 /* Images.xcassets */ = {isa = PBXFileReference; lastKnownFileType = folder.assetcatalog; path = Images.xcassets; sourceTree = "<group>"; };
		93A688191804F24400232901 /* Meeting TrackerTests.xctest */ = {isa = PBXFileReference; explicitFileType = wrapper.cfbundle; includeInIndex = 0; path = "Meeting TrackerTests.xctest"; sourceTree = BUILT_PRODUCTS_DIR; };
		93A6881A1804F24400232901 /* XCTest.framework */ = {isa = PBXFileReference; lastKnownFileType = wrapper.framework; name = XCTest.framework; path = Library/Frameworks/XCTest.framework; sourceTree = DEVELOPER_DIR; };
		93A688211804F24400232901 /* Meeting TrackerTests-Info.plist */ = {isa = PBXFileReference; lastKnownFileType = text.plist.xml; path = "Meeting TrackerTests-Info.plist"; sourceTree = "<group>"; };
		93A688231804F24400232901 /* en */ = {isa = PBXFileReference; lastKnownFileType = text.plist.strings; name = en; path = en.lproj/InfoPlist.strings; sourceTree = "<group>"; };
		93A688251804F24400232901 /* Meeting_TrackerTests.m */ = {isa = PBXFileReference; lastKnownFileType = sourcecode.c.objc; path = Meeting_TrackerTests.m; sourceTree = "<group>"; };
		93E01D8918064B1100459E35 /* testMeeting.m */ = {isa = PBXFileReference; fileEncoding = 4; lastKnownFileType = sourcecode.c.objc; path = testMeeting.m; sourceTree = "<group>"; };
		93E01D8A18064B1100459E35 /* testPerson.m */ = {isa = PBXFileReference; fileEncoding = 4; lastKnownFileType = sourcecode.c.objc; path = testPerson.m; sourceTree = "<group>"; };
/* End PBXFileReference section */

/* Begin PBXFrameworksBuildPhase section */
		93A687F21804F24400232901 /* Frameworks */ = {
			isa = PBXFrameworksBuildPhase;
			buildActionMask = 2147483647;
			files = (
				93A687F91804F24400232901 /* Cocoa.framework in Frameworks */,
			);
			runOnlyForDeploymentPostprocessing = 0;
		};
		93A688161804F24400232901 /* Frameworks */ = {
			isa = PBXFrameworksBuildPhase;
			buildActionMask = 2147483647;
			files = (
				93A6881C1804F24400232901 /* Cocoa.framework in Frameworks */,
				93A6881B1804F24400232901 /* XCTest.framework in Frameworks */,
			);
			runOnlyForDeploymentPostprocessing = 0;
		};
/* End PBXFrameworksBuildPhase section */

/* Begin PBXGroup section */
		938B60BC1804F7EB0036CDAC /* Controller */ = {
			isa = PBXGroup;
			children = (
				93A6880A1804F24400232901 /* MeetingDocument.h */,
				93A6880B1804F24400232901 /* MeetingDocument.m */,
			);
			name = Controller;
			sourceTree = "<group>";
		};
		939DADC61825A96B0001CA1B /* View */ = {
			isa = PBXGroup;
			children = (
				93A6880D1804F24400232901 /* MeetingDocument.xib */,
				93A688101804F24400232901 /* MainMenu.xib */,
			);
			name = View;
			sourceTree = "<group>";
		};
		93A687EC1804F24400232901 = {
			isa = PBXGroup;
			children = (
				93A687FE1804F24400232901 /* Meeting Tracker */,
				93A6881F1804F24400232901 /* Meeting TrackerTests */,
				93A687F71804F24400232901 /* Frameworks */,
				93A687F61804F24400232901 /* Products */,
			);
			sourceTree = "<group>";
		};
		93A687F61804F24400232901 /* Products */ = {
			isa = PBXGroup;
			children = (
				93A687F51804F24400232901 /* Meeting Tracker.app */,
				93A688191804F24400232901 /* Meeting TrackerTests.xctest */,
			);
			name = Products;
			sourceTree = "<group>";
		};
		93A687F71804F24400232901 /* Frameworks */ = {
			isa = PBXGroup;
			children = (
				93A687F81804F24400232901 /* Cocoa.framework */,
				93A6881A1804F24400232901 /* XCTest.framework */,
				93A687FA1804F24400232901 /* Other Frameworks */,
			);
			name = Frameworks;
			sourceTree = "<group>";
		};
		93A687FA1804F24400232901 /* Other Frameworks */ = {
			isa = PBXGroup;
			children = (
				93A687FB1804F24400232901 /* AppKit.framework */,
				93A687FC1804F24400232901 /* CoreData.framework */,
				93A687FD1804F24400232901 /* Foundation.framework */,
			);
			name = "Other Frameworks";
			sourceTree = "<group>";
		};
		93A687FE1804F24400232901 /* Meeting Tracker */ = {
			isa = PBXGroup;
			children = (
				939DADC61825A96B0001CA1B /* View */,
				93A688391804F36500232901 /* Model */,
				938B60BC1804F7EB0036CDAC /* Controller */,
				93A688131804F24400232901 /* Images.xcassets */,
				93A687FF1804F24400232901 /* Supporting Files */,
			);
			path = "Meeting Tracker";
			sourceTree = "<group>";
		};
		93A687FF1804F24400232901 /* Supporting Files */ = {
			isa = PBXGroup;
			children = (
				939DADC71825A9860001CA1B /* AppDelegate.h */,
				939DADC81825A9860001CA1B /* AppDelegate.m */,
				93A688001804F24400232901 /* Meeting Tracker-Info.plist */,
				93A688011804F24400232901 /* InfoPlist.strings */,
				93A688041804F24400232901 /* main.m */,
				93A688061804F24400232901 /* Meeting Tracker-Prefix.pch */,
				93A688071804F24400232901 /* Credits.rtf */,
			);
			name = "Supporting Files";
			sourceTree = "<group>";
		};
		93A6881F1804F24400232901 /* Meeting TrackerTests */ = {
			isa = PBXGroup;
			children = (
				93A688251804F24400232901 /* Meeting_TrackerTests.m */,
				93E01D8918064B1100459E35 /* testMeeting.m */,
				93E01D8A18064B1100459E35 /* testPerson.m */,
				93A688201804F24400232901 /* Supporting Files */,
			);
			path = "Meeting TrackerTests";
			sourceTree = "<group>";
		};
		93A688201804F24400232901 /* Supporting Files */ = {
			isa = PBXGroup;
			children = (
				93A688211804F24400232901 /* Meeting TrackerTests-Info.plist */,
				93A688221804F24400232901 /* InfoPlist.strings */,
			);
			name = "Supporting Files";
			sourceTree = "<group>";
		};
		93A688391804F36500232901 /* Model */ = {
			isa = PBXGroup;
			children = (
				938B60BD18050E010036CDAC /* Meeting.h */,
				938B60BE18050E010036CDAC /* Meeting.m */,
				938B60BF18050E010036CDAC /* Person.h */,
				938B60C018050E010036CDAC /* Person.m */,
			);
			name = Model;
			sourceTree = "<group>";
		};
/* End PBXGroup section */

/* Begin PBXNativeTarget section */
		93A687F41804F24400232901 /* Meeting Tracker */ = {
			isa = PBXNativeTarget;
			buildConfigurationList = 93A688291804F24400232901 /* Build configuration list for PBXNativeTarget "Meeting Tracker" */;
			buildPhases = (
				93A687F11804F24400232901 /* Sources */,
				93A687F21804F24400232901 /* Frameworks */,
				93A687F31804F24400232901 /* Resources */,
			);
			buildRules = (
			);
			dependencies = (
			);
			name = "Meeting Tracker";
			productName = "Meeting Tracker";
			productReference = 93A687F51804F24400232901 /* Meeting Tracker.app */;
			productType = "com.apple.product-type.application";
		};
		93A688181804F24400232901 /* Meeting TrackerTests */ = {
			isa = PBXNativeTarget;
			buildConfigurationList = 93A6882C1804F24400232901 /* Build configuration list for PBXNativeTarget "Meeting TrackerTests" */;
			buildPhases = (
				93A688151804F24400232901 /* Sources */,
				93A688161804F24400232901 /* Frameworks */,
				93A688171804F24400232901 /* Resources */,
			);
			buildRules = (
			);
			dependencies = (
				93A6881E1804F24400232901 /* PBXTargetDependency */,
			);
			name = "Meeting TrackerTests";
			productName = "Meeting TrackerTests";
			productReference = 93A688191804F24400232901 /* Meeting TrackerTests.xctest */;
			productType = "com.apple.product-type.bundle.unit-test";
		};
/* End PBXNativeTarget section */

/* Begin PBXProject section */
		93A687ED1804F24400232901 /* Project object */ = {
			isa = PBXProject;
			attributes = {
				CLASSPREFIX = JMS;
				LastUpgradeCheck = 0500;
				ORGANIZATIONNAME = jsorge;
				TargetAttributes = {
					93A688181804F24400232901 = {
						TestTargetID = 93A687F41804F24400232901;
					};
				};
			};
			buildConfigurationList = 93A687F01804F24400232901 /* Build configuration list for PBXProject "Meeting Tracker" */;
			compatibilityVersion = "Xcode 3.2";
			developmentRegion = English;
			hasScannedForEncodings = 0;
			knownRegions = (
				en,
				Base,
			);
			mainGroup = 93A687EC1804F24400232901;
			productRefGroup = 93A687F61804F24400232901 /* Products */;
			projectDirPath = "";
			projectRoot = "";
			targets = (
				93A687F41804F24400232901 /* Meeting Tracker */,
				93A688181804F24400232901 /* Meeting TrackerTests */,
			);
		};
/* End PBXProject section */

/* Begin PBXResourcesBuildPhase section */
		93A687F31804F24400232901 /* Resources */ = {
			isa = PBXResourcesBuildPhase;
			buildActionMask = 2147483647;
			files = (
				93A688031804F24400232901 /* InfoPlist.strings in Resources */,
				93A688141804F24400232901 /* Images.xcassets in Resources */,
				93A6880F1804F24400232901 /* MeetingDocument.xib in Resources */,
				93A688091804F24400232901 /* Credits.rtf in Resources */,
				93A688121804F24400232901 /* MainMenu.xib in Resources */,
			);
			runOnlyForDeploymentPostprocessing = 0;
		};
		93A688171804F24400232901 /* Resources */ = {
			isa = PBXResourcesBuildPhase;
			buildActionMask = 2147483647;
			files = (
				93A688241804F24400232901 /* InfoPlist.strings in Resources */,
			);
			runOnlyForDeploymentPostprocessing = 0;
		};
/* End PBXResourcesBuildPhase section */

/* Begin PBXSourcesBuildPhase section */
		93A687F11804F24400232901 /* Sources */ = {
			isa = PBXSourcesBuildPhase;
			buildActionMask = 2147483647;
			files = (
				93A688051804F24400232901 /* main.m in Sources */,
				938B60C118050E010036CDAC /* Meeting.m in Sources */,
				938B60C218050E010036CDAC /* Person.m in Sources */,
				93A6880C1804F24400232901 /* MeetingDocument.m in Sources */,
				939DADC91825A9860001CA1B /* AppDelegate.m in Sources */,
			);
			runOnlyForDeploymentPostprocessing = 0;
		};
		93A688151804F24400232901 /* Sources */ = {
			isa = PBXSourcesBuildPhase;
			buildActionMask = 2147483647;
			files = (
				93A688261804F24400232901 /* Meeting_TrackerTests.m in Sources */,
				93E01D8C18064B1100459E35 /* testPerson.m in Sources */,
				93E01D8B18064B1100459E35 /* testMeeting.m in Sources */,
			);
			runOnlyForDeploymentPostprocessing = 0;
		};
/* End PBXSourcesBuildPhase section */

/* Begin PBXTargetDependency section */
		93A6881E1804F24400232901 /* PBXTargetDependency */ = {
			isa = PBXTargetDependency;
			target = 93A687F41804F24400232901 /* Meeting Tracker */;
			targetProxy = 93A6881D1804F24400232901 /* PBXContainerItemProxy */;
		};
/* End PBXTargetDependency section */

/* Begin PBXVariantGroup section */
		93A688011804F24400232901 /* InfoPlist.strings */ = {
			isa = PBXVariantGroup;
			children = (
				93A688021804F24400232901 /* en */,
			);
			name = InfoPlist.strings;
			sourceTree = "<group>";
		};
		93A688071804F24400232901 /* Credits.rtf */ = {
			isa = PBXVariantGroup;
			children = (
				93A688081804F24400232901 /* en */,
			);
			name = Credits.rtf;
			sourceTree = "<group>";
		};
		93A6880D1804F24400232901 /* MeetingDocument.xib */ = {
			isa = PBXVariantGroup;
			children = (
				93A6880E1804F24400232901 /* Base */,
			);
			name = MeetingDocument.xib;
			sourceTree = "<group>";
		};
		93A688101804F24400232901 /* MainMenu.xib */ = {
			isa = PBXVariantGroup;
			children = (
				93A688111804F24400232901 /* Base */,
			);
			name = MainMenu.xib;
			sourceTree = "<group>";
		};
		93A688221804F24400232901 /* InfoPlist.strings */ = {
			isa = PBXVariantGroup;
			children = (
				93A688231804F24400232901 /* en */,
			);
			name = InfoPlist.strings;
			sourceTree = "<group>";
		};
/* End PBXVariantGroup section */

/* Begin XCBuildConfiguration section */
		93A688271804F24400232901 /* Debug */ = {
			isa = XCBuildConfiguration;
			buildSettings = {
				ALWAYS_SEARCH_USER_PATHS = NO;
				CLANG_CXX_LANGUAGE_STANDARD = "gnu++0x";
				CLANG_CXX_LIBRARY = "libc++";
				CLANG_ENABLE_OBJC_ARC = NO;
				CLANG_WARN_BOOL_CONVERSION = YES;
				CLANG_WARN_CONSTANT_CONVERSION = YES;
				CLANG_WARN_DIRECT_OBJC_ISA_USAGE = YES_ERROR;
				CLANG_WARN_EMPTY_BODY = YES;
				CLANG_WARN_ENUM_CONVERSION = YES;
				CLANG_WARN_INT_CONVERSION = YES;
				CLANG_WARN_OBJC_ROOT_CLASS = YES_ERROR;
				CLANG_WARN__DUPLICATE_METHOD_MATCH = YES;
				COPY_PHASE_STRIP = NO;
				GCC_C_LANGUAGE_STANDARD = gnu99;
				GCC_DYNAMIC_NO_PIC = NO;
				GCC_ENABLE_OBJC_EXCEPTIONS = YES;
				GCC_OPTIMIZATION_LEVEL = 0;
				GCC_PREPROCESSOR_DEFINITIONS = (
					"DEBUG=1",
					"$(inherited)",
				);
				GCC_SYMBOLS_PRIVATE_EXTERN = NO;
				GCC_WARN_64_TO_32_BIT_CONVERSION = YES;
				GCC_WARN_ABOUT_RETURN_TYPE = YES_ERROR;
				GCC_WARN_UNDECLARED_SELECTOR = YES;
				GCC_WARN_UNINITIALIZED_AUTOS = YES;
				GCC_WARN_UNUSED_FUNCTION = YES;
				GCC_WARN_UNUSED_VARIABLE = YES;
				MACOSX_DEPLOYMENT_TARGET = 10.8;
				ONLY_ACTIVE_ARCH = YES;
				RUN_CLANG_STATIC_ANALYZER = YES;
				SDKROOT = macosx;
			};
			name = Debug;
		};
		93A688281804F24400232901 /* Release */ = {
			isa = XCBuildConfiguration;
			buildSettings = {
				ALWAYS_SEARCH_USER_PATHS = NO;
				CLANG_CXX_LANGUAGE_STANDARD = "gnu++0x";
				CLANG_CXX_LIBRARY = "libc++";
				CLANG_ENABLE_OBJC_ARC = NO;
				CLANG_WARN_BOOL_CONVERSION = YES;
				CLANG_WARN_CONSTANT_CONVERSION = YES;
				CLANG_WARN_DIRECT_OBJC_ISA_USAGE = YES_ERROR;
				CLANG_WARN_EMPTY_BODY = YES;
				CLANG_WARN_ENUM_CONVERSION = YES;
				CLANG_WARN_INT_CONVERSION = YES;
				CLANG_WARN_OBJC_ROOT_CLASS = YES_ERROR;
				CLANG_WARN__DUPLICATE_METHOD_MATCH = YES;
				COPY_PHASE_STRIP = YES;
				DEBUG_INFORMATION_FORMAT = "dwarf-with-dsym";
				ENABLE_NS_ASSERTIONS = NO;
				GCC_C_LANGUAGE_STANDARD = gnu99;
				GCC_ENABLE_OBJC_EXCEPTIONS = YES;
				GCC_WARN_64_TO_32_BIT_CONVERSION = YES;
				GCC_WARN_ABOUT_RETURN_TYPE = YES_ERROR;
				GCC_WARN_UNDECLARED_SELECTOR = YES;
				GCC_WARN_UNINITIALIZED_AUTOS = YES;
				GCC_WARN_UNUSED_FUNCTION = YES;
				GCC_WARN_UNUSED_VARIABLE = YES;
				MACOSX_DEPLOYMENT_TARGET = 10.8;
				RUN_CLANG_STATIC_ANALYZER = YES;
				SDKROOT = macosx;
			};
			name = Release;
		};
		93A6882A1804F24400232901 /* Debug */ = {
			isa = XCBuildConfiguration;
			buildSettings = {
				ASSETCATALOG_COMPILER_APPICON_NAME = AppIcon;
				COMBINE_HIDPI_IMAGES = YES;
				GCC_PRECOMPILE_PREFIX_HEADER = YES;
				GCC_PREFIX_HEADER = "Meeting Tracker/Meeting Tracker-Prefix.pch";
				INFOPLIST_FILE = "Meeting Tracker/Meeting Tracker-Info.plist";
				PRODUCT_NAME = "$(TARGET_NAME)";
				WRAPPER_EXTENSION = app;
			};
			name = Debug;
		};
		93A6882B1804F24400232901 /* Release */ = {
			isa = XCBuildConfiguration;
			buildSettings = {
				ASSETCATALOG_COMPILER_APPICON_NAME = AppIcon;
				COMBINE_HIDPI_IMAGES = YES;
				GCC_PRECOMPILE_PREFIX_HEADER = YES;
				GCC_PREFIX_HEADER = "Meeting Tracker/Meeting Tracker-Prefix.pch";
				INFOPLIST_FILE = "Meeting Tracker/Meeting Tracker-Info.plist";
				PRODUCT_NAME = "$(TARGET_NAME)";
				WRAPPER_EXTENSION = app;
			};
			name = Release;
		};
		93A6882D1804F24400232901 /* Debug */ = {
			isa = XCBuildConfiguration;
			buildSettings = {
				BUNDLE_LOADER = "$(BUILT_PRODUCTS_DIR)/Meeting Tracker.app/Contents/MacOS/Meeting Tracker";
				COMBINE_HIDPI_IMAGES = YES;
				FRAMEWORK_SEARCH_PATHS = (
					"$(DEVELOPER_FRAMEWORKS_DIR)",
					"$(inherited)",
				);
				GCC_PRECOMPILE_PREFIX_HEADER = YES;
				GCC_PREFIX_HEADER = "Meeting Tracker/Meeting Tracker-Prefix.pch";
				GCC_PREPROCESSOR_DEFINITIONS = (
					"DEBUG=1",
					"$(inherited)",
				);
				INFOPLIST_FILE = "Meeting TrackerTests/Meeting TrackerTests-Info.plist";
				PRODUCT_NAME = "$(TARGET_NAME)";
				TEST_HOST = "$(BUNDLE_LOADER)";
				WRAPPER_EXTENSION = xctest;
			};
			name = Debug;
		};
		93A6882E1804F24400232901 /* Release */ = {
			isa = XCBuildConfiguration;
			buildSettings = {
				BUNDLE_LOADER = "$(BUILT_PRODUCTS_DIR)/Meeting Tracker.app/Contents/MacOS/Meeting Tracker";
				COMBINE_HIDPI_IMAGES = YES;
				FRAMEWORK_SEARCH_PATHS = (
					"$(DEVELOPER_FRAMEWORKS_DIR)",
					"$(inherited)",
				);
				GCC_PRECOMPILE_PREFIX_HEADER = YES;
				GCC_PREFIX_HEADER = "Meeting Tracker/Meeting Tracker-Prefix.pch";
				INFOPLIST_FILE = "Meeting TrackerTests/Meeting TrackerTests-Info.plist";
				PRODUCT_NAME = "$(TARGET_NAME)";
				TEST_HOST = "$(BUNDLE_LOADER)";
				WRAPPER_EXTENSION = xctest;
			};
			name = Release;
		};
/* End XCBuildConfiguration section */

/* Begin XCConfigurationList section */
		93A687F01804F24400232901 /* Build configuration list for PBXProject "Meeting Tracker" */ = {
			isa = XCConfigurationList;
			buildConfigurations = (
				93A688271804F24400232901 /* Debug */,
				93A688281804F24400232901 /* Release */,
			);
			defaultConfigurationIsVisible = 0;
			defaultConfigurationName = Release;
		};
		93A688291804F24400232901 /* Build configuration list for PBXNativeTarget "Meeting Tracker" */ = {
			isa = XCConfigurationList;
			buildConfigurations = (
				93A6882A1804F24400232901 /* Debug */,
				93A6882B1804F24400232901 /* Release */,
			);
			defaultConfigurationIsVisible = 0;
			defaultConfigurationName = Release;
		};
		93A6882C1804F24400232901 /* Build configuration list for PBXNativeTarget "Meeting TrackerTests" */ = {
			isa = XCConfigurationList;
			buildConfigurations = (
				93A6882D1804F24400232901 /* Debug */,
				93A6882E1804F24400232901 /* Release */,
			);
			defaultConfigurationIsVisible = 0;
			defaultConfigurationName = Release;
		};
/* End XCConfigurationList section */
	};
	rootObject = 93A687ED1804F24400232901 /* Project object */;
}
